// !$*UTF8*$!
{
	archiveVersion = 1;
	classes = {
	};
	objectVersion = 48;
	objects = {

/* Begin PBXBuildFile section */
		89131D002021885500F0386E /* AppDelegate.swift in Sources */ = {isa = PBXBuildFile; fileRef = 89131CFF2021885500F0386E /* AppDelegate.swift */; };
		89131D022021885500F0386E /* ViewController.swift in Sources */ = {isa = PBXBuildFile; fileRef = 89131D012021885500F0386E /* ViewController.swift */; };
		89131D052021885500F0386E /* Main.storyboard in Resources */ = {isa = PBXBuildFile; fileRef = 89131D032021885500F0386E /* Main.storyboard */; };
		89131D072021885500F0386E /* Assets.xcassets in Resources */ = {isa = PBXBuildFile; fileRef = 89131D062021885500F0386E /* Assets.xcassets */; };
		89131D0A2021885500F0386E /* LaunchScreen.storyboard in Resources */ = {isa = PBXBuildFile; fileRef = 89131D082021885500F0386E /* LaunchScreen.storyboard */; };
		898C5CA12022741400655E11 /* weather.jpg in Resources */ = {isa = PBXBuildFile; fileRef = 898C5CA02022741400655E11 /* weather.jpg */; };
/* End PBXBuildFile section */

/* Begin PBXFileReference section */
		89131CFC2021885500F0386E /* OneButtonHookup.app */ = {isa = PBXFileReference; explicitFileType = wrapper.application; includeInIndex = 0; path = OneButtonHookup.app; sourceTree = BUILT_PRODUCTS_DIR; };
		89131CFF2021885500F0386E /* AppDelegate.swift */ = {isa = PBXFileReference; lastKnownFileType = sourcecode.swift; path = AppDelegate.swift; sourceTree = "<group>"; };
		89131D012021885500F0386E /* ViewController.swift */ = {isa = PBXFileReference; lastKnownFileType = sourcecode.swift; path = ViewController.swift; sourceTree = "<group>"; };
		89131D042021885500F0386E /* Base */ = {isa = PBXFileReference; lastKnownFileType = file.storyboard; name = Base; path = Base.lproj/Main.storyboard; sourceTree = "<group>"; };
		89131D062021885500F0386E /* Assets.xcassets */ = {isa = PBXFileReference; lastKnownFileType = folder.assetcatalog; path = Assets.xcassets; sourceTree = "<group>"; };
		89131D092021885500F0386E /* Base */ = {isa = PBXFileReference; lastKnownFileType = file.storyboard; name = Base; path = Base.lproj/LaunchScreen.storyboard; sourceTree = "<group>"; };
		89131D0B2021885600F0386E /* Info.plist */ = {isa = PBXFileReference; lastKnownFileType = text.plist.xml; path = Info.plist; sourceTree = "<group>"; };
		898C5CA02022741400655E11 /* weather.jpg */ = {isa = PBXFileReference; lastKnownFileType = image.jpeg; path = weather.jpg; sourceTree = "<group>"; };
/* End PBXFileReference section */

/* Begin PBXFrameworksBuildPhase section */
		89131CF92021885500F0386E /* Frameworks */ = {
			isa = PBXFrameworksBuildPhase;
			buildActionMask = 2147483647;
			files = (
			);
			runOnlyForDeploymentPostprocessing = 0;
		};
/* End PBXFrameworksBuildPhase section */

/* Begin PBXGroup section */
		89131CF32021885500F0386E = {
			isa = PBXGroup;
			children = (
				89131CFE2021885500F0386E /* OneButtonHookup */,
				89131CFD2021885500F0386E /* Products */,
			);
			sourceTree = "<group>";
		};
		89131CFD2021885500F0386E /* Products */ = {
			isa = PBXGroup;
			children = (
				89131CFC2021885500F0386E /* OneButtonHookup.app */,
			);
			name = Products;
			sourceTree = "<group>";
		};
		89131CFE2021885500F0386E /* OneButtonHookup */ = {
			isa = PBXGroup;
			children = (
				898C5C7F202237B100655E11 /* images */,
				89131CFF2021885500F0386E /* AppDelegate.swift */,
				89131D012021885500F0386E /* ViewController.swift */,
				89131D032021885500F0386E /* Main.storyboard */,
				89131D062021885500F0386E /* Assets.xcassets */,
				89131D082021885500F0386E /* LaunchScreen.storyboard */,
				89131D0B2021885600F0386E /* Info.plist */,
			);
			path = OneButtonHookup;
			sourceTree = "<group>";
		};
		898C5C7F202237B100655E11 /* images */ = {
			isa = PBXGroup;
			children = (
				898C5CA02022741400655E11 /* weather.jpg */,
			);
			path = images;
			sourceTree = "<group>";
		};
/* End PBXGroup section */

/* Begin PBXNativeTarget section */
		89131CFB2021885500F0386E /* OneButtonHookup */ = {
			isa = PBXNativeTarget;
			buildConfigurationList = 89131D0E2021885600F0386E /* Build configuration list for PBXNativeTarget "OneButtonHookup" */;
			buildPhases = (
				89131CF82021885500F0386E /* Sources */,
				89131CF92021885500F0386E /* Frameworks */,
				89131CFA2021885500F0386E /* Resources */,
			);
			buildRules = (
			);
			dependencies = (
			);
			name = OneButtonHookup;
			productName = OneButtonHookup;
			productReference = 89131CFC2021885500F0386E /* OneButtonHookup.app */;
			productType = "com.apple.product-type.application";
		};
/* End PBXNativeTarget section */

/* Begin PBXProject section */
		89131CF42021885500F0386E /* Project object */ = {
			isa = PBXProject;
			attributes = {
				LastSwiftUpdateCheck = 0920;
				LastUpgradeCheck = 0920;
				ORGANIZATIONNAME = changgao;
				TargetAttributes = {
					89131CFB2021885500F0386E = {
						CreatedOnToolsVersion = 9.2;
						ProvisioningStyle = Automatic;
					};
				};
			};
			buildConfigurationList = 89131CF72021885500F0386E /* Build configuration list for PBXProject "OneButtonHookup" */;
			compatibilityVersion = "Xcode 8.0";
			developmentRegion = en;
			hasScannedForEncodings = 0;
			knownRegions = (
				en,
				Base,
			);
			mainGroup = 89131CF32021885500F0386E;
			productRefGroup = 89131CFD2021885500F0386E /* Products */;
			projectDirPath = "";
			projectRoot = "";
			targets = (
				89131CFB2021885500F0386E /* OneButtonHookup */,
			);
		};
/* End PBXProject section */

/* Begin PBXResourcesBuildPhase section */
		89131CFA2021885500F0386E /* Resources */ = {
			isa = PBXResourcesBuildPhase;
			buildActionMask = 2147483647;
			files = (
				89131D0A2021885500F0386E /* LaunchScreen.storyboard in Resources */,
				89131D072021885500F0386E /* Assets.xcassets in Resources */,
				898C5CA12022741400655E11 /* weather.jpg in Resources */,
				89131D052021885500F0386E /* Main.storyboard in Resources */,
			);
			runOnlyForDeploymentPostprocessing = 0;
		};
/* End PBXResourcesBuildPhase section */

/* Begin PBXSourcesBuildPhase section */
		89131CF82021885500F0386E /* Sources */ = {
			isa = PBXSourcesBuildPhase;
			buildActionMask = 2147483647;
			files = (
				89131D022021885500F0386E /* ViewController.swift in Sources */,
				89131D002021885500F0386E /* AppDelegate.swift in Sources */,
			);
			runOnlyForDeploymentPostprocessing = 0;
		};
/* End PBXSourcesBuildPhase section */

/* Begin PBXVariantGroup section */
		89131D032021885500F0386E /* Main.storyboard */ = {
			isa = PBXVariantGroup;
			children = (
				89131D042021885500F0386E /* Base */,
			);
			name = Main.storyboard;
			sourceTree = "<group>";
		};
		89131D082021885500F0386E /* LaunchScreen.storyboard */ = {
			isa = PBXVariantGroup;
			children = (
				89131D092021885500F0386E /* Base */,
			);
			name = LaunchScreen.storyboard;
			sourceTree = "<group>";
		};
/* End PBXVariantGroup section */

/* Begin XCBuildConfiguration section */
		89131D0C2021885600F0386E /* Debug */ = {
			isa = XCBuildConfiguration;
			buildSettings = {
				ALWAYS_SEARCH_USER_PATHS = NO;
				CLANG_ANALYZER_NONNULL = YES;
				CLANG_ANALYZER_NUMBER_OBJECT_CONVERSION = YES_AGGRESSIVE;
				CLANG_CXX_LANGUAGE_STANDARD = "gnu++14";
				CLANG_CXX_LIBRARY = "libc++";
				CLANG_ENABLE_MODULES = YES;
				CLANG_ENABLE_OBJC_ARC = YES;
				CLANG_WARN_BLOCK_CAPTURE_AUTORELEASING = YES;
				CLANG_WARN_BOOL_CONVERSION = YES;
				CLANG_WARN_COMMA = YES;
				CLANG_WARN_CONSTANT_CONVERSION = YES;
				CLANG_WARN_DIRECT_OBJC_ISA_USAGE = YES_ERROR;
				CLANG_WARN_DOCUMENTATION_COMMENTS = YES;
				CLANG_WARN_EMPTY_BODY = YES;
				CLANG_WARN_ENUM_CONVERSION = YES;
				CLANG_WARN_INFINITE_RECURSION = YES;
				CLANG_WARN_INT_CONVERSION = YES;
				CLANG_WARN_NON_LITERAL_NULL_CONVERSION = YES;
				CLANG_WARN_OBJC_LITERAL_CONVERSION = YES;
				CLANG_WARN_OBJC_ROOT_CLASS = YES_ERROR;
				CLANG_WARN_RANGE_LOOP_ANALYSIS = YES;
				CLANG_WARN_STRICT_PROTOTYPES = YES;
				CLANG_WARN_SUSPICIOUS_MOVE = YES;
				CLANG_WARN_UNGUARDED_AVAILABILITY = YES_AGGRESSIVE;
				CLANG_WARN_UNREACHABLE_CODE = YES;
				CLANG_WARN__DUPLICATE_METHOD_MATCH = YES;
				CODE_SIGN_IDENTITY = "iPhone Developer";
				COPY_PHASE_STRIP = NO;
				DEBUG_INFORMATION_FORMAT = dwarf;
				ENABLE_STRICT_OBJC_MSGSEND = YES;
				ENABLE_TESTABILITY = YES;
				GCC_C_LANGUAGE_STANDARD = gnu11;
				GCC_DYNAMIC_NO_PIC = NO;
				GCC_NO_COMMON_BLOCKS = YES;
				GCC_OPTIMIZATION_LEVEL = 0;
				GCC_PREPROCESSOR_DEFINITIONS = (
					"DEBUG=1",
					"$(inherited)",
				);
				GCC_WARN_64_TO_32_BIT_CONVERSION = YES;
				GCC_WARN_ABOUT_RETURN_TYPE = YES_ERROR;
				GCC_WARN_UNDECLARED_SELECTOR = YES;
				GCC_WARN_UNINITIALIZED_AUTOS = YES_AGGRESSIVE;
				GCC_WARN_UNUSED_FUNCTION = YES;
				GCC_WARN_UNUSED_VARIABLE = YES;
				IPHONEOS_DEPLOYMENT_TARGET = 11.2;
				MTL_ENABLE_DEBUG_INFO = YES;
				ONLY_ACTIVE_ARCH = YES;
				SDKROOT = iphoneos;
				SWIFT_ACTIVE_COMPILATION_CONDITIONS = DEBUG;
				SWIFT_OPTIMIZATION_LEVEL = "-Onone";
			};
			name = Debug;
		};
		89131D0D2021885600F0386E /* Release */ = {
			isa = XCBuildConfiguration;
			buildSettings = {
				ALWAYS_SEARCH_USER_PATHS = NO;
				CLANG_ANALYZER_NONNULL = YES;
				CLANG_ANALYZER_NUMBER_OBJECT_CONVERSION = YES_AGGRESSIVE;
				CLANG_CXX_LANGUAGE_STANDARD = "gnu++14";
				CLANG_CXX_LIBRARY = "libc++";
				CLANG_ENABLE_MODULES = YES;
				CLANG_ENABLE_OBJC_ARC = YES;
				CLANG_WARN_BLOCK_CAPTURE_AUTORELEASING = YES;
				CLANG_WARN_BOOL_CONVERSION = YES;
				CLANG_WARN_COMMA = YES;
				CLANG_WARN_CONSTANT_CONVERSION = YES;
				CLANG_WARN_DIRECT_OBJC_ISA_USAGE = YES_ERROR;
				CLANG_WARN_DOCUMENTATION_COMMENTS = YES;
				CLANG_WARN_EMPTY_BODY = YES;
				CLANG_WARN_ENUM_CONVERSION = YES;
				CLANG_WARN_INFINITE_RECURSION = YES;
				CLANG_WARN_INT_CONVERSION = YES;
				CLANG_WARN_NON_LITERAL_NULL_CONVERSION = YES;
				CLANG_WARN_OBJC_LITERAL_CONVERSION = YES;
				CLANG_WARN_OBJC_ROOT_CLASS = YES_ERROR;
				CLANG_WARN_RANGE_LOOP_ANALYSIS = YES;
				CLANG_WARN_STRICT_PROTOTYPES = YES;
				CLANG_WARN_SUSPICIOUS_MOVE = YES;
				CLANG_WARN_UNGUARDED_AVAILABILITY = YES_AGGRESSIVE;
				CLANG_WARN_UNREACHABLE_CODE = YES;
				CLANG_WARN__DUPLICATE_METHOD_MATCH = YES;
				CODE_SIGN_IDENTITY = "iPhone Developer";
				COPY_PHASE_STRIP = NO;
				DEBUG_INFORMATION_FORMAT = "dwarf-with-dsym";
				ENABLE_NS_ASSERTIONS = NO;
				ENABLE_STRICT_OBJC_MSGSEND = YES;
				GCC_C_LANGUAGE_STANDARD = gnu11;
				GCC_NO_COMMON_BLOCKS = YES;
				GCC_WARN_64_TO_32_BIT_CONVERSION = YES;
				GCC_WARN_ABOUT_RETURN_TYPE = YES_ERROR;
				GCC_WARN_UNDECLARED_SELECTOR = YES;
				GCC_WARN_UNINITIALIZED_AUTOS = YES_AGGRESSIVE;
				GCC_WARN_UNUSED_FUNCTION = YES;
				GCC_WARN_UNUSED_VARIABLE = YES;
				IPHONEOS_DEPLOYMENT_TARGET = 11.2;
				MTL_ENABLE_DEBUG_INFO = NO;
				SDKROOT = iphoneos;
				SWIFT_OPTIMIZATION_LEVEL = "-Owholemodule";
				VALIDATE_PRODUCT = YES;
			};
			name = Release;
		};
		89131D0F2021885600F0386E /* Debug */ = {
			isa = XCBuildConfiguration;
			buildSettings = {
				ASSETCATALOG_COMPILER_APPICON_NAME = AppIcon;
				CODE_SIGN_STYLE = Automatic;
				DEVELOPMENT_TEAM = F6XDV45FFK;
				INFOPLIST_FILE = OneButtonHookup/Info.plist;
				LD_RUNPATH_SEARCH_PATHS = "$(inherited) @executable_path/Frameworks";
				PRODUCT_BUNDLE_IDENTIFIER = com.changgao.OneButtonHookup;
				PRODUCT_NAME = "$(TARGET_NAME)";
				SWIFT_VERSION = 4.0;
				TARGETED_DEVICE_FAMILY = "1,2";
			};
			name = Debug;
		};
		89131D102021885600F0386E /* Release */ = {
			isa = XCBuildConfiguration;
			buildSettings = {
				ASSETCATALOG_COMPILER_APPICON_NAME = AppIcon;
				CODE_SIGN_STYLE = Automatic;
				DEVELOPMENT_TEAM = F6XDV45FFK;
				INFOPLIST_FILE = OneButtonHookup/Info.plist;
				LD_RUNPATH_SEARCH_PATHS = "$(inherited) @executable_path/Frameworks";
				PRODUCT_BUNDLE_IDENTIFIER = com.changgao.OneButtonHookup;
				PRODUCT_NAME = "$(TARGET_NAME)";
				SWIFT_VERSION = 4.0;
				TARGETED_DEVICE_FAMILY = "1,2";
			};
			name = Release;
		};
/* End XCBuildConfiguration section */

/* Begin XCConfigurationList section */
		89131CF72021885500F0386E /* Build configuration list for PBXProject "OneButtonHookup" */ = {
			isa = XCConfigurationList;
			buildConfigurations = (
				89131D0C2021885600F0386E /* Debug */,
				89131D0D2021885600F0386E /* Release */,
			);
			defaultConfigurationIsVisible = 0;
			defaultConfigurationName = Release;
		};
		89131D0E2021885600F0386E /* Build configuration list for PBXNativeTarget "OneButtonHookup" */ = {
			isa = XCConfigurationList;
			buildConfigurations = (
				89131D0F2021885600F0386E /* Debug */,
				89131D102021885600F0386E /* Release */,
			);
			defaultConfigurationIsVisible = 0;
			defaultConfigurationName = Release;
		};
/* End XCConfigurationList section */
	};
	rootObject = 89131CF42021885500F0386E /* Project object */;
}
